{
    "name": "pix-client",
    "version": "1.0.0",
    "lockfileVersion": 3,
    "requires": true,
    "packages": {
        "": {
            "name": "pix-client",
            "version": "1.0.0",
            "license": "MIT",
            "dependencies": {
                "@ngrok/ngrok": "^1.5.1",
                "mercadopago": "^2.7.0"
            },
            "devDependencies": {
                "@types/node": "^22.15.21",
                "typescript": "^5.8.3"
            }
        },
        "node_modules/@ngrok/ngrok": {
            "version": "1.5.1",
            "resolved": "https://registry.npmjs.org/@ngrok/ngrok/-/ngrok-1.5.1.tgz",
            "integrity": "sha512-sfcgdpiAJHqmuO3e6QjQGbavIrR3E72do/NAsnGhm+7SGstLj1aM3Sd8mkfTORb2Hj7ATMuoBYuED5ylKuRQCg==",
            "license": "(MIT OR Apache-2.0)",
            "engines": {
                "node": ">= 10"
            },
            "optionalDependencies": {
                "@ngrok/ngrok-android-arm64": "1.5.1",
                "@ngrok/ngrok-darwin-arm64": "1.5.1",
                "@ngrok/ngrok-darwin-universal": "1.5.1",
                "@ngrok/ngrok-darwin-x64": "1.5.1",
                "@ngrok/ngrok-freebsd-x64": "1.5.1",
                "@ngrok/ngrok-linux-arm-gnueabihf": "1.5.1",
                "@ngrok/ngrok-linux-arm64-gnu": "1.5.1",
                "@ngrok/ngrok-linux-arm64-musl": "1.5.1",
                "@ngrok/ngrok-linux-x64-gnu": "1.5.1",
                "@ngrok/ngrok-linux-x64-musl": "1.5.1",
                "@ngrok/ngrok-win32-arm64-msvc": "1.5.1",
                "@ngrok/ngrok-win32-ia32-msvc": "1.5.1",
                "@ngrok/ngrok-win32-x64-msvc": "1.5.1"
            }
        },
        "node_modules/@ngrok/ngrok-android-arm64": {
            "version": "1.5.1",
            "resolved": "https://registry.npmjs.org/@ngrok/ngrok-android-arm64/-/ngrok-android-arm64-1.5.1.tgz",
            "integrity": "sha512-2Tokwi5GVWNLw3JEoM0Ieb/ypALniZu6fciUTgpuByutbKxOjvahD4fYOKwW3KMdV9bCb3XGGtWJCZXfRPPq1g==",
            "cpu": [
                "arm64"
            ],
            "license": "MIT",
            "optional": true,
            "os": [
                "android"
            ],
            "engines": {
                "node": ">= 10"
            }
        },
        "node_modules/@ngrok/ngrok-darwin-arm64": {
            "version": "1.5.1",
            "resolved": "https://registry.npmjs.org/@ngrok/ngrok-darwin-arm64/-/ngrok-darwin-arm64-1.5.1.tgz",
            "integrity": "sha512-HNOhrPDP+nJJY7Bh45DOeh6jmcGASWINGbUuseZM0C8psQMp7crPywjRh0inkRegUrb4K8y06sfmgt2fmsF6jQ==",
            "cpu": [
                "arm64"
            ],
            "license": "MIT",
            "optional": true,
            "os": [
                "darwin"
            ],
            "engines": {
                "node": ">= 10"
            }
        },
        "node_modules/@ngrok/ngrok-darwin-universal": {
            "version": "1.5.1",
            "resolved": "https://registry.npmjs.org/@ngrok/ngrok-darwin-universal/-/ngrok-darwin-universal-1.5.1.tgz",
            "integrity": "sha512-EsMxYC/tY+ZqhjbeZtVq5MFIuD8SEPgAlHINEszsHd8ZRICc2U9Xl15CbDrew3pcfEg/ZVFrOH9CyC4aZ/V/cA==",
            "license": "MIT",
            "optional": true,
            "os": [
                "darwin"
            ],
            "engines": {
                "node": ">= 10"
            }
        },
        "node_modules/@ngrok/ngrok-darwin-x64": {
            "version": "1.5.1",
            "resolved": "https://registry.npmjs.org/@ngrok/ngrok-darwin-x64/-/ngrok-darwin-x64-1.5.1.tgz",
            "integrity": "sha512-H/x1BsYpAoTMhOtv4oYvwY6WHqbY0MsJ1XFcJQgrpAIjgmYqlwsnsUMHvEdBB/KY9kXF9DPgKUdRMfJwUIpwGA==",
            "cpu": [
                "x64"
            ],
            "license": "MIT",
            "optional": true,
            "os": [
                "darwin"
            ],
            "engines": {
                "node": ">= 10"
            }
        },
        "node_modules/@ngrok/ngrok-freebsd-x64": {
            "version": "1.5.1",
            "resolved": "https://registry.npmjs.org/@ngrok/ngrok-freebsd-x64/-/ngrok-freebsd-x64-1.5.1.tgz",
            "integrity": "sha512-dY2W6HUv7e2xkpdfVj7fIk+5qmvrC7kVu6PJWJ8/rshW1FrU7qMcpnU53JvoQJRZzUf5k8xMNdx30zai/8mqYA==",
            "cpu": [
                "x64"
            ],
            "license": "MIT",
            "optional": true,
            "os": [
                "freebsd"
            ],
            "engines": {
                "node": ">= 10"
            }
        },
        "node_modules/@ngrok/ngrok-linux-arm-gnueabihf": {
            "version": "1.5.1",
            "resolved": "https://registry.npmjs.org/@ngrok/ngrok-linux-arm-gnueabihf/-/ngrok-linux-arm-gnueabihf-1.5.1.tgz",
            "integrity": "sha512-JvbI/IIycw4Qq02ysyOBsSK5E0bZDgRqXSslHLTwuDAfw14lmrq2U0QkBeEOL8qwJ7wCwCH1PEOJacUyrqa9bg==",
            "cpu": [
                "arm"
            ],
            "license": "MIT",
            "optional": true,
            "os": [
                "linux"
            ],
            "engines": {
                "node": ">= 10"
            }
        },
        "node_modules/@ngrok/ngrok-linux-arm64-gnu": {
            "version": "1.5.1",
            "resolved": "https://registry.npmjs.org/@ngrok/ngrok-linux-arm64-gnu/-/ngrok-linux-arm64-gnu-1.5.1.tgz",
            "integrity": "sha512-yLFAlqTYYvH7QRg589HJarQGw1QrKQZcHiw0gm175eCqc+jpUG/Zcf8wohCTIJVLylMIzjDzVFSUsXC7UtMJdQ==",
            "cpu": [
                "arm64"
            ],
            "license": "MIT",
            "optional": true,
            "os": [
                "linux"
            ],
            "engines": {
                "node": ">= 10"
            }
        },
        "node_modules/@ngrok/ngrok-linux-arm64-musl": {
            "version": "1.5.1",
            "resolved": "https://registry.npmjs.org/@ngrok/ngrok-linux-arm64-musl/-/ngrok-linux-arm64-musl-1.5.1.tgz",
            "integrity": "sha512-momB/ZjjrxaGYOZ3YPAw1kT4DAfWT1x3dAHL0YoSVfNCpc8Fw0189ZAcxGn0hUFqkGDmSARS9o8b7hYd1b41oA==",
            "cpu": [
                "arm64"
            ],
            "license": "MIT",
            "optional": true,
            "os": [
                "linux"
            ],
            "engines": {
                "node": ">= 10"
            }
        },
        "node_modules/@ngrok/ngrok-linux-x64-gnu": {
            "version": "1.5.1",
            "resolved": "https://registry.npmjs.org/@ngrok/ngrok-linux-x64-gnu/-/ngrok-linux-x64-gnu-1.5.1.tgz",
            "integrity": "sha512-fmMaz0b1Ry2CDLLn0mV8b9nLxqm0taQ2jYyn+C9OrazYNMT4XYYDKRQSm4UEaNoakdnoH+f2FsrWi/712GFxAQ==",
            "cpu": [
                "x64"
            ],
            "license": "MIT",
            "optional": true,
            "os": [
                "linux"
            ],
            "engines": {
                "node": ">= 10"
            }
        },
        "node_modules/@ngrok/ngrok-linux-x64-musl": {
            "version": "1.5.1",
            "resolved": "https://registry.npmjs.org/@ngrok/ngrok-linux-x64-musl/-/ngrok-linux-x64-musl-1.5.1.tgz",
            "integrity": "sha512-6Ajl9wpJSlvukl4WrkIw+WxVwAr7WTGnE35Voec6CERWtKMsO/F+BOSu3pfAa6iwxGK//JBpsTT1IwLLw7b2xQ==",
            "cpu": [
                "x64"
            ],
            "license": "MIT",
            "optional": true,
            "os": [
                "linux"
            ],
            "engines": {
                "node": ">= 10"
            }
        },
        "node_modules/@ngrok/ngrok-win32-arm64-msvc": {
            "version": "1.5.1",
            "resolved": "https://registry.npmjs.org/@ngrok/ngrok-win32-arm64-msvc/-/ngrok-win32-arm64-msvc-1.5.1.tgz",
            "integrity": "sha512-JUH2yZxDPQGmQNT1d2KIu64u2k/R6uG1kEIXjcbsoff37v9aI6nUlzldRWB/wFSYkpZ4W/EuovM4Epar+fQOxQ==",
            "cpu": [
                "arm64"
            ],
            "license": "MIT",
            "optional": true,
            "os": [
                "win32"
            ],
            "engines": {
                "node": ">= 10"
            }
        },
        "node_modules/@ngrok/ngrok-win32-ia32-msvc": {
            "version": "1.5.1",
            "resolved": "https://registry.npmjs.org/@ngrok/ngrok-win32-ia32-msvc/-/ngrok-win32-ia32-msvc-1.5.1.tgz",
            "integrity": "sha512-zS1JsMTJHnY+lPJFUwKnB5fzPm4GZCKeeZLehHrXP0LpQaKN8Y/vywqDGhuC0WtymvWE88+oreMV/6hQdviLSA==",
            "cpu": [
                "ia32"
            ],
            "license": "MIT",
            "optional": true,
            "os": [
                "win32"
            ],
            "engines": {
                "node": ">= 10"
            }
        },
        "node_modules/@ngrok/ngrok-win32-x64-msvc": {
            "version": "1.5.1",
            "resolved": "https://registry.npmjs.org/@ngrok/ngrok-win32-x64-msvc/-/ngrok-win32-x64-msvc-1.5.1.tgz",
            "integrity": "sha512-HegRwV9Gchh4p7K7sC6SPpWmFRwDEgwPByrb8tkuWDyP+EWNgpt3GKp8OAIK2xdWWHnN5VIwMa9u3COE/e5S8w==",
            "cpu": [
                "x64"
            ],
            "license": "MIT",
            "optional": true,
            "os": [
                "win32"
            ],
            "engines": {
                "node": ">= 10"
            }
        },
        "node_modules/@types/node": {
            "version": "22.15.21",
            "resolved": "https://registry.npmjs.org/@types/node/-/node-22.15.21.tgz",
            "integrity": "sha512-EV/37Td6c+MgKAbkcLG6vqZ2zEYHD7bvSrzqqs2RIhbA6w3x+Dqz8MZM3sP6kGTeLrdoOgKZe+Xja7tUB2DNkQ==",
            "dev": true,
            "license": "MIT",
            "dependencies": {
                "undici-types": "~6.21.0"
            }
        },
        "node_modules/mercadopago": {
            "version": "2.7.0",
            "resolved": "https://registry.npmjs.org/mercadopago/-/mercadopago-2.7.0.tgz",
            "integrity": "sha512-B8r3Cr2tOV+zgAhNsr2fSGOSCSqO5b0tMzeHpZog9wR4ywjKcd/ef4PxsV/kr8cyqyuTeC8wTWS2G5/sPVEnSA==",
            "dependencies": {
                "node-fetch": "^2.7.0",
                "uuid": "^9.0.0"
            }
        },
        "node_modules/node-fetch": {
            "version": "2.7.0",
            "resolved": "https://registry.npmjs.org/node-fetch/-/node-fetch-2.7.0.tgz",
            "integrity": "sha512-c4FRfUm/dbcWZ7U+1Wq0AwCyFL+3nt2bEw05wfxSz+DWpWsitgmSgYmy2dQdWyKC1694ELPqMs/YzUSNozLt8A==",
            "license": "MIT",
            "dependencies": {
                "whatwg-url": "^5.0.0"
            },
            "engines": {
                "node": "4.x || >=6.0.0"
            },
            "peerDependencies": {
                "encoding": "^0.1.0"
            },
            "peerDependenciesMeta": {
                "encoding": {
                    "optional": true
                }
            }
        },
        "node_modules/tr46": {
            "version": "0.0.3",
            "resolved": "https://registry.npmjs.org/tr46/-/tr46-0.0.3.tgz",
            "integrity": "sha512-N3WMsuqV66lT30CrXNbEjx4GEwlow3v6rr4mCcv6prnfwhS01rkgyFdjPNBYd9br7LpXV1+Emh01fHnq2Gdgrw==",
            "license": "MIT"
        },
        "node_modules/typescript": {
            "version": "5.8.3",
            "resolved": "https://registry.npmjs.org/typescript/-/typescript-5.8.3.tgz",
            "integrity": "sha512-p1diW6TqL9L07nNxvRMM7hMMw4c5XOo/1ibL4aAIGmSAt9slTE1Xgw5KWuof2uTOvCg9BY7ZRi+GaF+7sfgPeQ==",
            "dev": true,
            "license": "Apache-2.0",
            "bin": {
                "tsc": "bin/tsc",
                "tsserver": "bin/tsserver"
            },
            "engines": {
                "node": ">=14.17"
            }
        },
        "node_modules/undici-types": {
            "version": "6.21.0",
            "resolved": "https://registry.npmjs.org/undici-types/-/undici-types-6.21.0.tgz",
            "integrity": "sha512-iwDZqg0QAGrg9Rav5H4n0M64c3mkR59cJ6wQp+7C4nI0gsmExaedaYLNO44eT4AtBBwjbTiGPMlt2Md0T9H9JQ==",
            "dev": true,
            "license": "MIT"
        },
        "node_modules/uuid": {
            "version": "9.0.1",
            "resolved": "https://registry.npmjs.org/uuid/-/uuid-9.0.1.tgz",
            "integrity": "sha512-b+1eJOlsR9K8HJpow9Ok3fiWOWSIcIzXodvv0rQjVoOVNpWMpxf1wZNpt4y9h10odCNrqnYp1OBzRktckBe3sA==",
            "funding": [
                "https://github.com/sponsors/broofa",
                "https://github.com/sponsors/ctavan"
            ],
            "license": "MIT",
            "bin": {
                "uuid": "dist/bin/uuid"
            }
        },
        "node_modules/webidl-conversions": {
            "version": "3.0.1",
            "resolved": "https://registry.npmjs.org/webidl-conversions/-/webidl-conversions-3.0.1.tgz",
            "integrity": "sha512-2JAn3z8AR6rjK8Sm8orRC0h/bcl/DqL7tRPdGZ4I1CjdF+EaMLmYxBHyXuKL849eucPFhvBoxMsflfOb8kxaeQ==",
            "license": "BSD-2-Clause"
        },
        "node_modules/whatwg-url": {
            "version": "5.0.0",
            "resolved": "https://registry.npmjs.org/whatwg-url/-/whatwg-url-5.0.0.tgz",
            "integrity": "sha512-saE57nupxk6v3HY35+jzBwYa0rKSy0XR8JSxZPwgLr7ys0IBzhGviA1/TUGJLmSVqs8pb9AnvICXEuOHLprYTw==",
            "license": "MIT",
            "dependencies": {
                "tr46": "~0.0.3",
                "webidl-conversions": "^3.0.0"
            }
        }
    }
}
